
Microsoft Visual Studio Solution File, Format Version 12.00
# Visual Studio Version 18
VisualStudioVersion = 18.0.11205.157
MinimumVisualStudioVersion = 15.0.26124.0
Project("{2150E333-8FDC-42A3-9474-1A3956D46DE8}") = "Solution Items", "Solution Items", "{F0BE043E-1C27-4837-B067-A64B65AF5353}"
	ProjectSection(SolutionItems) = preProject
		.gitignore = .gitignore
		global.json = global.json
		nuget.config = nuget.config
	EndProjectSection
EndProject
Project("{2150E333-8FDC-42A3-9474-1A3956D46DE8}") = "Src", "Src", "{1572E273-3ADB-4E50-85A0-313E8D684FD2}"
EndProject
Project("{2150E333-8FDC-42A3-9474-1A3956D46DE8}") = "2 - Services", "2 - Services", "{4540A7C6-2383-4D11-A481-A6CC8D7905E5}"
EndProject
Project("{2150E333-8FDC-42A3-9474-1A3956D46DE8}") = "3 - Application", "3 - Application", "{7A204D13-BCDC-405D-85B5-353EE2C9A10A}"
EndProject
Project("{2150E333-8FDC-42A3-9474-1A3956D46DE8}") = "4 - Domain", "4 - Domain", "{0048019B-DA55-4A04-9264-39545EF4B06C}"
EndProject
Project("{2150E333-8FDC-42A3-9474-1A3956D46DE8}") = "5 - Infra", "5 - Infra", "{AFFE13FA-84A7-45C9-92B3-A0C37235A2C5}"
EndProject
Project("{9A19103F-16F7-4668-BE54-9A1E7A4F7556}") = "BankMore.Domain.Core", "Src\BankMore.Domain.Core\BankMore.Domain.Core.csproj", "{A5693260-4B01-4C23-94EF-E34CC10C5AED}"
EndProject
Project("{9A19103F-16F7-4668-BE54-9A1E7A4F7556}") = "BankMore.Infra.CrossCutting.Bus", "Src\BankMore.Infra.CrossCutting.Bus\BankMore.Infra.CrossCutting.Bus.csproj", "{71D9CE3E-CB3E-4DBF-B0A2-49BD397682B5}"
EndProject
Project("{9A19103F-16F7-4668-BE54-9A1E7A4F7556}") = "BankMore.Infra.CrossCutting.Identity", "Src\BankMore.Infra.CrossCutting.Identity\BankMore.Infra.CrossCutting.Identity.csproj", "{4C7432EE-CF44-48D5-9783-D5D437726E0E}"
EndProject
Project("{9A19103F-16F7-4668-BE54-9A1E7A4F7556}") = "BankMore.Infra.CrossCutting.IoC", "Src\BankMore.Infra.CrossCutting.IoC\BankMore.Infra.CrossCutting.IoC.csproj", "{91E72AF8-406E-4865-97CC-AC025F09E6C6}"
EndProject
Project("{2150E333-8FDC-42A3-9474-1A3956D46DE8}") = "5.1 - Data", "5.1 - Data", "{8B5F8FF8-52CE-4C81-B09F-E65E14078090}"
EndProject
Project("{2150E333-8FDC-42A3-9474-1A3956D46DE8}") = "5.2 - CrossCutting", "5.2 - CrossCutting", "{46AE4EFD-3BD7-4E10-9BA8-B91E39AD41BF}"
EndProject
Project("{9A19103F-16F7-4668-BE54-9A1E7A4F7556}") = "BankMore.Services.Api.Identidade", "Src\BankMore.Services.Api.Identidade\BankMore.Services.Api.Identidade.csproj", "{25BD5EB4-6E81-4FDF-95DC-D5797743E6E1}"
EndProject
Project("{2150E333-8FDC-42A3-9474-1A3956D46DE8}") = "Tests", "Tests", "{86019360-B934-4FB3-AD9E-CAD3AA4E3635}"
EndProject
Project("{2150E333-8FDC-42A3-9474-1A3956D46DE8}") = "5.3 - APIs", "5.3 - APIs", "{07546DDD-FAED-4F6F-BF11-10EB72B57141}"
EndProject
Project("{FAE04EC0-301F-11D3-BF4B-00C04F79EFBC}") = "BankMore.Services.Api.ContasCorrentes", "Src\BankMore.Services.Api.ContasCorrentes\BankMore.Services.Api.ContasCorrentes.csproj", "{5FDBD7EF-846B-4608-9778-48A91AAEA310}"
EndProject
Project("{FAE04EC0-301F-11D3-BF4B-00C04F79EFBC}") = "BankMore.Domain.ContasCorrentes", "Src\BankMore.Domain.ContasCorrentes\BankMore.Domain.ContasCorrentes.csproj", "{DCEC4263-B8DF-484D-8C75-0E3A6DF7655B}"
EndProject
Project("{FAE04EC0-301F-11D3-BF4B-00C04F79EFBC}") = "BankMore.Infra.Data.ContasCorrentes", "Src\BankMore.Infra.Data.ContasCorrentes\BankMore.Infra.Data.ContasCorrentes.csproj", "{78EFE1A3-0163-41EE-BA48-E5A58D0AB72F}"
EndProject
Project("{FAE04EC0-301F-11D3-BF4B-00C04F79EFBC}") = "BankMore.Application.ContasCorrentes", "Src\BankMore.Application.ContasCorrentes\BankMore.Application.ContasCorrentes.csproj", "{3DE95CC0-BE68-4F01-A5C5-0D8B828E28DC}"
EndProject
Project("{FAE04EC0-301F-11D3-BF4B-00C04F79EFBC}") = "BankMore.Infra.Apis", "Src\BankMore.Infra.Apis\BankMore.Infra.Apis.csproj", "{9D58A120-EBA3-6FBC-719E-A64D460BA292}"
EndProject
Project("{FAE04EC0-301F-11D3-BF4B-00C04F79EFBC}") = "BankMore.Domain.Common", "Src\BankMore.Domain.Common\BankMore.Domain.Common.csproj", "{9B0DB37D-C929-6CCD-A5C1-C7A620A453A0}"
EndProject
Project("{FAE04EC0-301F-11D3-BF4B-00C04F79EFBC}") = "BankMore.Infra.Data.Common", "Src\BankMore.Infra.Data.Common\BankMore.Infra.Data.Common.csproj", "{5C865476-8C60-4165-BA23-CE34F21DCEF1}"
EndProject
Project("{E53339B2-1760-4266-BCC7-CA923CBCF16C}") = "docker-compose", "docker-compose.dcproj", "{81DDED9D-158B-E303-5F62-77A2896D2A5A}"
EndProject
Project("{2150E333-8FDC-42A3-9474-1A3956D46DE8}") = "5.4 - Kafka", "5.4 - Kafka", "{43D92C87-4234-4E97-8B58-DC8241C6F0EA}"
EndProject
Project("{FAE04EC0-301F-11D3-BF4B-00C04F79EFBC}") = "BankMore.Infra.Kafka", "Src\BankMore.Infra.Kafka\BankMore.Infra.Kafka.csproj", "{EEEC5F6D-245C-4745-9072-DE84F0FD2828}"
EndProject
Project("{FAE04EC0-301F-11D3-BF4B-00C04F79EFBC}") = "BankMore.Services.Api.Transferencias", "Src\BankMore.Services.Api.Transferencias\BankMore.Services.Api.Transferencias.csproj", "{B6C8D9C4-AC6D-4DC9-B61B-B52A04E1B85D}"
EndProject
Project("{FAE04EC0-301F-11D3-BF4B-00C04F79EFBC}") = "BankMore.Domain.Transferencias", "Src\BankMore.Domain.Transferencias\BankMore.Domain.Transferencias.csproj", "{29C2E3B2-2C7E-5B45-0DF6-52EB477625D5}"
EndProject
Project("{FAE04EC0-301F-11D3-BF4B-00C04F79EFBC}") = "BankMore.Infra.Data.Transferencias", "Src\BankMore.Infra.Data.Transferencias\BankMore.Infra.Data.Transferencias.csproj", "{0F44AEED-2D09-6FF6-5732-F53FC4C33EC1}"
EndProject
Project("{FAE04EC0-301F-11D3-BF4B-00C04F79EFBC}") = "BankMore.Application.Common", "Src\BankMore.Application.Common\BankMore.Application.Common.csproj", "{57FD2B0B-C7D9-4256-838B-BE2922028A31}"
EndProject
Project("{FAE04EC0-301F-11D3-BF4B-00C04F79EFBC}") = "BankMore.Application.Transferencias", "Src\BankMore.Application.Transferencias\BankMore.Application.Transferencias.csproj", "{B4F07FC2-70BE-8DD6-2C5B-7583B750CB53}"
EndProject
Project("{FAE04EC0-301F-11D3-BF4B-00C04F79EFBC}") = "BankMore.Transferencias.Workers", "Src\BankMore.Transferencias.Workers\BankMore.Transferencias.Workers.csproj", "{8140F972-A7B6-4476-ABFE-D0E4A5965FF5}"
EndProject
Project("{2150E333-8FDC-42A3-9474-1A3956D46DE8}") = "6 - BFF", "6 - BFF", "{63FE5F1D-98D1-43B4-BE02-F388336C0208}"
EndProject
Project("{FAE04EC0-301F-11D3-BF4B-00C04F79EFBC}") = "BankMore.BFF.Web", "Src\BankMore.BFF.Web\BankMore.BFF.Web.csproj", "{FC99D6D1-0CA5-4245-A81D-321800B4DF1C}"
EndProject
Global
	GlobalSection(SolutionConfigurationPlatforms) = preSolution
		Debug|Any CPU = Debug|Any CPU
		Release|Any CPU = Release|Any CPU
	EndGlobalSection
	GlobalSection(ProjectConfigurationPlatforms) = postSolution
		{A5693260-4B01-4C23-94EF-E34CC10C5AED}.Debug|Any CPU.ActiveCfg = Debug|Any CPU
		{A5693260-4B01-4C23-94EF-E34CC10C5AED}.Debug|Any CPU.Build.0 = Debug|Any CPU
		{A5693260-4B01-4C23-94EF-E34CC10C5AED}.Release|Any CPU.ActiveCfg = Release|Any CPU
		{A5693260-4B01-4C23-94EF-E34CC10C5AED}.Release|Any CPU.Build.0 = Release|Any CPU
		{71D9CE3E-CB3E-4DBF-B0A2-49BD397682B5}.Debug|Any CPU.ActiveCfg = Debug|Any CPU
		{71D9CE3E-CB3E-4DBF-B0A2-49BD397682B5}.Debug|Any CPU.Build.0 = Debug|Any CPU
		{71D9CE3E-CB3E-4DBF-B0A2-49BD397682B5}.Release|Any CPU.ActiveCfg = Release|Any CPU
		{71D9CE3E-CB3E-4DBF-B0A2-49BD397682B5}.Release|Any CPU.Build.0 = Release|Any CPU
		{4C7432EE-CF44-48D5-9783-D5D437726E0E}.Debug|Any CPU.ActiveCfg = Debug|Any CPU
		{4C7432EE-CF44-48D5-9783-D5D437726E0E}.Debug|Any CPU.Build.0 = Debug|Any CPU
		{4C7432EE-CF44-48D5-9783-D5D437726E0E}.Release|Any CPU.ActiveCfg = Release|Any CPU
		{4C7432EE-CF44-48D5-9783-D5D437726E0E}.Release|Any CPU.Build.0 = Release|Any CPU
		{91E72AF8-406E-4865-97CC-AC025F09E6C6}.Debug|Any CPU.ActiveCfg = Debug|Any CPU
		{91E72AF8-406E-4865-97CC-AC025F09E6C6}.Debug|Any CPU.Build.0 = Debug|Any CPU
		{91E72AF8-406E-4865-97CC-AC025F09E6C6}.Release|Any CPU.ActiveCfg = Release|Any CPU
		{91E72AF8-406E-4865-97CC-AC025F09E6C6}.Release|Any CPU.Build.0 = Release|Any CPU
		{25BD5EB4-6E81-4FDF-95DC-D5797743E6E1}.Debug|Any CPU.ActiveCfg = Debug|Any CPU
		{25BD5EB4-6E81-4FDF-95DC-D5797743E6E1}.Debug|Any CPU.Build.0 = Debug|Any CPU
		{25BD5EB4-6E81-4FDF-95DC-D5797743E6E1}.Release|Any CPU.ActiveCfg = Release|Any CPU
		{25BD5EB4-6E81-4FDF-95DC-D5797743E6E1}.Release|Any CPU.Build.0 = Release|Any CPU
		{5FDBD7EF-846B-4608-9778-48A91AAEA310}.Debug|Any CPU.ActiveCfg = Debug|Any CPU
		{5FDBD7EF-846B-4608-9778-48A91AAEA310}.Debug|Any CPU.Build.0 = Debug|Any CPU
		{5FDBD7EF-846B-4608-9778-48A91AAEA310}.Release|Any CPU.ActiveCfg = Release|Any CPU
		{5FDBD7EF-846B-4608-9778-48A91AAEA310}.Release|Any CPU.Build.0 = Release|Any CPU
		{DCEC4263-B8DF-484D-8C75-0E3A6DF7655B}.Debug|Any CPU.ActiveCfg = Debug|Any CPU
		{DCEC4263-B8DF-484D-8C75-0E3A6DF7655B}.Debug|Any CPU.Build.0 = Debug|Any CPU
		{DCEC4263-B8DF-484D-8C75-0E3A6DF7655B}.Release|Any CPU.ActiveCfg = Release|Any CPU
		{DCEC4263-B8DF-484D-8C75-0E3A6DF7655B}.Release|Any CPU.Build.0 = Release|Any CPU
		{78EFE1A3-0163-41EE-BA48-E5A58D0AB72F}.Debug|Any CPU.ActiveCfg = Debug|Any CPU
		{78EFE1A3-0163-41EE-BA48-E5A58D0AB72F}.Debug|Any CPU.Build.0 = Debug|Any CPU
		{78EFE1A3-0163-41EE-BA48-E5A58D0AB72F}.Release|Any CPU.ActiveCfg = Release|Any CPU
		{78EFE1A3-0163-41EE-BA48-E5A58D0AB72F}.Release|Any CPU.Build.0 = Release|Any CPU
		{3DE95CC0-BE68-4F01-A5C5-0D8B828E28DC}.Debug|Any CPU.ActiveCfg = Debug|Any CPU
		{3DE95CC0-BE68-4F01-A5C5-0D8B828E28DC}.Debug|Any CPU.Build.0 = Debug|Any CPU
		{3DE95CC0-BE68-4F01-A5C5-0D8B828E28DC}.Release|Any CPU.ActiveCfg = Release|Any CPU
		{3DE95CC0-BE68-4F01-A5C5-0D8B828E28DC}.Release|Any CPU.Build.0 = Release|Any CPU
		{9D58A120-EBA3-6FBC-719E-A64D460BA292}.Debug|Any CPU.ActiveCfg = Debug|Any CPU
		{9D58A120-EBA3-6FBC-719E-A64D460BA292}.Debug|Any CPU.Build.0 = Debug|Any CPU
		{9D58A120-EBA3-6FBC-719E-A64D460BA292}.Release|Any CPU.ActiveCfg = Release|Any CPU
		{9D58A120-EBA3-6FBC-719E-A64D460BA292}.Release|Any CPU.Build.0 = Release|Any CPU
		{9B0DB37D-C929-6CCD-A5C1-C7A620A453A0}.Debug|Any CPU.ActiveCfg = Debug|Any CPU
		{9B0DB37D-C929-6CCD-A5C1-C7A620A453A0}.Debug|Any CPU.Build.0 = Debug|Any CPU
		{9B0DB37D-C929-6CCD-A5C1-C7A620A453A0}.Release|Any CPU.ActiveCfg = Release|Any CPU
		{9B0DB37D-C929-6CCD-A5C1-C7A620A453A0}.Release|Any CPU.Build.0 = Release|Any CPU
		{5C865476-8C60-4165-BA23-CE34F21DCEF1}.Debug|Any CPU.ActiveCfg = Debug|Any CPU
		{5C865476-8C60-4165-BA23-CE34F21DCEF1}.Debug|Any CPU.Build.0 = Debug|Any CPU
		{5C865476-8C60-4165-BA23-CE34F21DCEF1}.Release|Any CPU.ActiveCfg = Release|Any CPU
		{5C865476-8C60-4165-BA23-CE34F21DCEF1}.Release|Any CPU.Build.0 = Release|Any CPU
		{81DDED9D-158B-E303-5F62-77A2896D2A5A}.Debug|Any CPU.ActiveCfg = Debug|Any CPU
		{81DDED9D-158B-E303-5F62-77A2896D2A5A}.Debug|Any CPU.Build.0 = Debug|Any CPU
		{81DDED9D-158B-E303-5F62-77A2896D2A5A}.Release|Any CPU.ActiveCfg = Release|Any CPU
		{81DDED9D-158B-E303-5F62-77A2896D2A5A}.Release|Any CPU.Build.0 = Release|Any CPU
		{EEEC5F6D-245C-4745-9072-DE84F0FD2828}.Debug|Any CPU.ActiveCfg = Debug|Any CPU
		{EEEC5F6D-245C-4745-9072-DE84F0FD2828}.Debug|Any CPU.Build.0 = Debug|Any CPU
		{EEEC5F6D-245C-4745-9072-DE84F0FD2828}.Release|Any CPU.ActiveCfg = Release|Any CPU
		{EEEC5F6D-245C-4745-9072-DE84F0FD2828}.Release|Any CPU.Build.0 = Release|Any CPU
		{B6C8D9C4-AC6D-4DC9-B61B-B52A04E1B85D}.Debug|Any CPU.ActiveCfg = Debug|Any CPU
		{B6C8D9C4-AC6D-4DC9-B61B-B52A04E1B85D}.Debug|Any CPU.Build.0 = Debug|Any CPU
		{B6C8D9C4-AC6D-4DC9-B61B-B52A04E1B85D}.Release|Any CPU.ActiveCfg = Release|Any CPU
		{B6C8D9C4-AC6D-4DC9-B61B-B52A04E1B85D}.Release|Any CPU.Build.0 = Release|Any CPU
		{29C2E3B2-2C7E-5B45-0DF6-52EB477625D5}.Debug|Any CPU.ActiveCfg = Debug|Any CPU
		{29C2E3B2-2C7E-5B45-0DF6-52EB477625D5}.Debug|Any CPU.Build.0 = Debug|Any CPU
		{29C2E3B2-2C7E-5B45-0DF6-52EB477625D5}.Release|Any CPU.ActiveCfg = Release|Any CPU
		{29C2E3B2-2C7E-5B45-0DF6-52EB477625D5}.Release|Any CPU.Build.0 = Release|Any CPU
		{0F44AEED-2D09-6FF6-5732-F53FC4C33EC1}.Debug|Any CPU.ActiveCfg = Debug|Any CPU
		{0F44AEED-2D09-6FF6-5732-F53FC4C33EC1}.Debug|Any CPU.Build.0 = Debug|Any CPU
		{0F44AEED-2D09-6FF6-5732-F53FC4C33EC1}.Release|Any CPU.ActiveCfg = Release|Any CPU
		{0F44AEED-2D09-6FF6-5732-F53FC4C33EC1}.Release|Any CPU.Build.0 = Release|Any CPU
		{57FD2B0B-C7D9-4256-838B-BE2922028A31}.Debug|Any CPU.ActiveCfg = Debug|Any CPU
		{57FD2B0B-C7D9-4256-838B-BE2922028A31}.Debug|Any CPU.Build.0 = Debug|Any CPU
		{57FD2B0B-C7D9-4256-838B-BE2922028A31}.Release|Any CPU.ActiveCfg = Release|Any CPU
		{57FD2B0B-C7D9-4256-838B-BE2922028A31}.Release|Any CPU.Build.0 = Release|Any CPU
		{B4F07FC2-70BE-8DD6-2C5B-7583B750CB53}.Debug|Any CPU.ActiveCfg = Debug|Any CPU
		{B4F07FC2-70BE-8DD6-2C5B-7583B750CB53}.Debug|Any CPU.Build.0 = Debug|Any CPU
		{B4F07FC2-70BE-8DD6-2C5B-7583B750CB53}.Release|Any CPU.ActiveCfg = Release|Any CPU
		{B4F07FC2-70BE-8DD6-2C5B-7583B750CB53}.Release|Any CPU.Build.0 = Release|Any CPU
		{8140F972-A7B6-4476-ABFE-D0E4A5965FF5}.Debug|Any CPU.ActiveCfg = Debug|Any CPU
		{8140F972-A7B6-4476-ABFE-D0E4A5965FF5}.Debug|Any CPU.Build.0 = Debug|Any CPU
		{8140F972-A7B6-4476-ABFE-D0E4A5965FF5}.Release|Any CPU.ActiveCfg = Release|Any CPU
		{8140F972-A7B6-4476-ABFE-D0E4A5965FF5}.Release|Any CPU.Build.0 = Release|Any CPU
		{FC99D6D1-0CA5-4245-A81D-321800B4DF1C}.Debug|Any CPU.ActiveCfg = Debug|Any CPU
		{FC99D6D1-0CA5-4245-A81D-321800B4DF1C}.Debug|Any CPU.Build.0 = Debug|Any CPU
		{FC99D6D1-0CA5-4245-A81D-321800B4DF1C}.Release|Any CPU.ActiveCfg = Release|Any CPU
		{FC99D6D1-0CA5-4245-A81D-321800B4DF1C}.Release|Any CPU.Build.0 = Release|Any CPU
	EndGlobalSection
	GlobalSection(SolutionProperties) = preSolution
		HideSolutionNode = FALSE
	EndGlobalSection
	GlobalSection(NestedProjects) = preSolution
		{4540A7C6-2383-4D11-A481-A6CC8D7905E5} = {1572E273-3ADB-4E50-85A0-313E8D684FD2}
		{7A204D13-BCDC-405D-85B5-353EE2C9A10A} = {1572E273-3ADB-4E50-85A0-313E8D684FD2}
		{0048019B-DA55-4A04-9264-39545EF4B06C} = {1572E273-3ADB-4E50-85A0-313E8D684FD2}
		{AFFE13FA-84A7-45C9-92B3-A0C37235A2C5} = {1572E273-3ADB-4E50-85A0-313E8D684FD2}
		{A5693260-4B01-4C23-94EF-E34CC10C5AED} = {0048019B-DA55-4A04-9264-39545EF4B06C}
		{71D9CE3E-CB3E-4DBF-B0A2-49BD397682B5} = {46AE4EFD-3BD7-4E10-9BA8-B91E39AD41BF}
		{4C7432EE-CF44-48D5-9783-D5D437726E0E} = {46AE4EFD-3BD7-4E10-9BA8-B91E39AD41BF}
		{91E72AF8-406E-4865-97CC-AC025F09E6C6} = {46AE4EFD-3BD7-4E10-9BA8-B91E39AD41BF}
		{8B5F8FF8-52CE-4C81-B09F-E65E14078090} = {AFFE13FA-84A7-45C9-92B3-A0C37235A2C5}
		{46AE4EFD-3BD7-4E10-9BA8-B91E39AD41BF} = {AFFE13FA-84A7-45C9-92B3-A0C37235A2C5}
		{25BD5EB4-6E81-4FDF-95DC-D5797743E6E1} = {4540A7C6-2383-4D11-A481-A6CC8D7905E5}
		{07546DDD-FAED-4F6F-BF11-10EB72B57141} = {AFFE13FA-84A7-45C9-92B3-A0C37235A2C5}
		{5FDBD7EF-846B-4608-9778-48A91AAEA310} = {4540A7C6-2383-4D11-A481-A6CC8D7905E5}
		{DCEC4263-B8DF-484D-8C75-0E3A6DF7655B} = {0048019B-DA55-4A04-9264-39545EF4B06C}
		{78EFE1A3-0163-41EE-BA48-E5A58D0AB72F} = {8B5F8FF8-52CE-4C81-B09F-E65E14078090}
		{3DE95CC0-BE68-4F01-A5C5-0D8B828E28DC} = {7A204D13-BCDC-405D-85B5-353EE2C9A10A}
		{9D58A120-EBA3-6FBC-719E-A64D460BA292} = {07546DDD-FAED-4F6F-BF11-10EB72B57141}
		{9B0DB37D-C929-6CCD-A5C1-C7A620A453A0} = {0048019B-DA55-4A04-9264-39545EF4B06C}
		{5C865476-8C60-4165-BA23-CE34F21DCEF1} = {8B5F8FF8-52CE-4C81-B09F-E65E14078090}
		{43D92C87-4234-4E97-8B58-DC8241C6F0EA} = {AFFE13FA-84A7-45C9-92B3-A0C37235A2C5}
		{EEEC5F6D-245C-4745-9072-DE84F0FD2828} = {43D92C87-4234-4E97-8B58-DC8241C6F0EA}
		{B6C8D9C4-AC6D-4DC9-B61B-B52A04E1B85D} = {4540A7C6-2383-4D11-A481-A6CC8D7905E5}
		{29C2E3B2-2C7E-5B45-0DF6-52EB477625D5} = {0048019B-DA55-4A04-9264-39545EF4B06C}
		{0F44AEED-2D09-6FF6-5732-F53FC4C33EC1} = {8B5F8FF8-52CE-4C81-B09F-E65E14078090}
		{57FD2B0B-C7D9-4256-838B-BE2922028A31} = {7A204D13-BCDC-405D-85B5-353EE2C9A10A}
		{B4F07FC2-70BE-8DD6-2C5B-7583B750CB53} = {7A204D13-BCDC-405D-85B5-353EE2C9A10A}
		{8140F972-A7B6-4476-ABFE-D0E4A5965FF5} = {43D92C87-4234-4E97-8B58-DC8241C6F0EA}
		{63FE5F1D-98D1-43B4-BE02-F388336C0208} = {1572E273-3ADB-4E50-85A0-313E8D684FD2}
		{FC99D6D1-0CA5-4245-A81D-321800B4DF1C} = {63FE5F1D-98D1-43B4-BE02-F388336C0208}
	EndGlobalSection
	GlobalSection(ExtensibilityGlobals) = postSolution
		SolutionGuid = {3BBAE7F9-CB34-4464-B09A-C32C57579682}
	EndGlobalSection
EndGlobal
